
Microsoft Visual Studio Solution File, Format Version 12.00
# Visual Studio 15
VisualStudioVersion = 15.0.26730.16
MinimumVisualStudioVersion = 10.0.40219.1
Project("{FAE04EC0-301F-11D3-BF4B-00C04F79EFBC}") = "MarsProbe.Core", "MarsProbeCore\MarsProbe.Core.csproj", "{5EBF8C70-0CBA-44D1-973E-9395FD458EA7}"
EndProject
Project("{FAE04EC0-301F-11D3-BF4B-00C04F79EFBC}") = "MarsProbe.Tests", "MarsProbe.Tests\MarsProbe.Tests.csproj", "{8EDF4429-251A-416D-BB68-93F227191BCF}"
EndProject
Project("{FAE04EC0-301F-11D3-BF4B-00C04F79EFBC}") = "MarsProbeConsole", "MarsProbeConsole\MarsProbeConsole.csproj", "{75A83820-2812-4445-B41B-7FF608E6B69E}"
EndProject
Global
	GlobalSection(SolutionConfigurationPlatforms) = preSolution
		Debug|Any CPU = Debug|Any CPU
		Release|Any CPU = Release|Any CPU
	EndGlobalSection
	GlobalSection(ProjectConfigurationPlatforms) = postSolution
		{5EBF8C70-0CBA-44D1-973E-9395FD458EA7}.Debug|Any CPU.ActiveCfg = Debug|Any CPU
		{5EBF8C70-0CBA-44D1-973E-9395FD458EA7}.Debug|Any CPU.Build.0 = Debug|Any CPU
		{5EBF8C70-0CBA-44D1-973E-9395FD458EA7}.Release|Any CPU.ActiveCfg = Release|Any CPU
		{5EBF8C70-0CBA-44D1-973E-9395FD458EA7}.Release|Any CPU.Build.0 = Release|Any CPU
		{8EDF4429-251A-416D-BB68-93F227191BCF}.Debug|Any CPU.ActiveCfg = Debug|Any CPU
		{8EDF4429-251A-416D-BB68-93F227191BCF}.Debug|Any CPU.Build.0 = Debug|Any CPU
		{8EDF4429-251A-416D-BB68-93F227191BCF}.Release|Any CPU.ActiveCfg = Release|Any CPU
		{8EDF4429-251A-416D-BB68-93F227191BCF}.Release|Any CPU.Build.0 = Release|Any CPU
		{75A83820-2812-4445-B41B-7FF608E6B69E}.Debug|Any CPU.ActiveCfg = Debug|Any CPU
		{75A83820-2812-4445-B41B-7FF608E6B69E}.Debug|Any CPU.Build.0 = Debug|Any CPU
		{75A83820-2812-4445-B41B-7FF608E6B69E}.Release|Any CPU.ActiveCfg = Release|Any CPU
		{75A83820-2812-4445-B41B-7FF608E6B69E}.Release|Any CPU.Build.0 = Release|Any CPU
	EndGlobalSection
	GlobalSection(SolutionProperties) = preSolution
		HideSolutionNode = FALSE
	EndGlobalSection
	GlobalSection(ExtensibilityGlobals) = postSolution
		SolutionGuid = {E48B9116-AE2F-42EB-BF20-4B06D27488CB}
	EndGlobalSection
EndGlobal
